
Microsoft Visual Studio Solution File, Format Version 12.00
# Visual Studio Version 16
VisualStudioVersion = 16.4.29728.190
MinimumVisualStudioVersion = 10.0.40219.1
Project("{FAE04EC0-301F-11D3-BF4B-00C04F79EFBC}") = "Tutorial 1 Getting Started", "Tutorial 1 Getting Started\Tutorial 1 Getting Started.csproj", "{13A45C13-3265-47B8-BC48-A553B569DF55}"
	ProjectSection(ProjectDependencies) = postProject
		{6D5C5C52-AF09-472E-BDE9-B1ECBC5E849D} = {6D5C5C52-AF09-472E-BDE9-B1ECBC5E849D}
		{FE1A3484-3042-4FF5-9396-D0164FCBB852} = {FE1A3484-3042-4FF5-9396-D0164FCBB852}
		{91E6059D-EC0E-4FF7-8724-657B58A03B3A} = {91E6059D-EC0E-4FF7-8724-657B58A03B3A}
		{E6DFEF10-1E86-4ED5-8657-8A0D64A67C7D} = {E6DFEF10-1E86-4ED5-8657-8A0D64A67C7D}
		{2B3AD98B-15FC-4772-B1EF-5061CED8ED4D} = {2B3AD98B-15FC-4772-B1EF-5061CED8ED4D}
		{AB4C31F0-1BF8-4657-B9E7-ED5CE7B85C09} = {AB4C31F0-1BF8-4657-B9E7-ED5CE7B85C09}
		{4DF561E5-213D-4F56-AC0E-F128A863FA5C} = {4DF561E5-213D-4F56-AC0E-F128A863FA5C}
		{1A889A06-FF54-46ED-8ED8-2041BC0836F7} = {1A889A06-FF54-46ED-8ED8-2041BC0836F7}
		{C021F6F3-85EF-4581-B36F-47B04E831B03} = {C021F6F3-85EF-4581-B36F-47B04E831B03}
		{67B3BEB5-2565-4532-8BF5-D304F80D41C7} = {67B3BEB5-2565-4532-8BF5-D304F80D41C7}
		{58CDF4A6-5B4A-4641-BDD4-62F742CE2D12} = {58CDF4A6-5B4A-4641-BDD4-62F742CE2D12}
		{0FCE4292-BD7B-42D3-99EA-85C4B6F907CB} = {0FCE4292-BD7B-42D3-99EA-85C4B6F907CB}
		{DA13921B-40A9-459D-A4C2-32DDBD5D038D} = {DA13921B-40A9-459D-A4C2-32DDBD5D038D}
		{5EDD074B-DE65-40FC-AF7A-64E91B076556} = {5EDD074B-DE65-40FC-AF7A-64E91B076556}
		{F6CCAAB5-5E87-412B-87C2-215B3F55BF46} = {F6CCAAB5-5E87-412B-87C2-215B3F55BF46}
		{D4454795-F016-47B5-B4A7-A0C7F29F4702} = {D4454795-F016-47B5-B4A7-A0C7F29F4702}
		{1377BA74-CD07-4BFA-9D4D-ED173AB04C21} = {1377BA74-CD07-4BFA-9D4D-ED173AB04C21}
		{A673B900-F3EC-481B-B7A2-16074EBAFFA4} = {A673B900-F3EC-481B-B7A2-16074EBAFFA4}
		{00D5F5A3-FE0E-48AD-BFC6-A689F656E0A5} = {00D5F5A3-FE0E-48AD-BFC6-A689F656E0A5}
		{57AD8D16-B38E-4FD4-A326-46CB3A52E9B5} = {57AD8D16-B38E-4FD4-A326-46CB3A52E9B5}
		{37FB0249-01ED-460A-9516-A724DB6D750D} = {37FB0249-01ED-460A-9516-A724DB6D750D}
		{72B38110-43C1-4023-BAF2-54E526CE74E8} = {72B38110-43C1-4023-BAF2-54E526CE74E8}
		{1EBE1038-1808-479F-ACE8-33E39B9C7C7E} = {1EBE1038-1808-479F-ACE8-33E39B9C7C7E}
		{F5F74778-C10F-4D0A-98E2-95FD402DC430} = {F5F74778-C10F-4D0A-98E2-95FD402DC430}
		{4552F35D-3784-4D4B-A295-23CD89E61119} = {4552F35D-3784-4D4B-A295-23CD89E61119}
		{63BA0E43-A6A0-4031-AB49-39C441C28C4A} = {63BA0E43-A6A0-4031-AB49-39C441C28C4A}
	EndProjectSection
EndProject
Project("{FAE04EC0-301F-11D3-BF4B-00C04F79EFBC}") = "Microsoft.MixedReality.Toolkit.Providers.OpenVR", "E:\Programs\Unity\Holo_Projects\App\GeneratedProjects\UWP\Microsoft.MixedReality.Toolkit.Providers.OpenVR\Microsoft.MixedReality.Toolkit.Providers.OpenVR.csproj", "{6D5C5C52-AF09-472E-BDE9-B1ECBC5E849D}"
EndProject
Project("{FAE04EC0-301F-11D3-BF4B-00C04F79EFBC}") = "Microsoft.MixedReality.Toolkit.Examples", "E:\Programs\Unity\Holo_Projects\App\GeneratedProjects\UWP\Microsoft.MixedReality.Toolkit.Examples\Microsoft.MixedReality.Toolkit.Examples.csproj", "{FE1A3484-3042-4FF5-9396-D0164FCBB852}"
EndProject
Project("{FAE04EC0-301F-11D3-BF4B-00C04F79EFBC}") = "Microsoft.MixedReality.Toolkit", "E:\Programs\Unity\Holo_Projects\App\GeneratedProjects\UWP\Microsoft.MixedReality.Toolkit\Microsoft.MixedReality.Toolkit.csproj", "{91E6059D-EC0E-4FF7-8724-657B58A03B3A}"
EndProject
Project("{FAE04EC0-301F-11D3-BF4B-00C04F79EFBC}") = "Microsoft.MixedReality.Toolkit.SDK", "E:\Programs\Unity\Holo_Projects\App\GeneratedProjects\UWP\Microsoft.MixedReality.Toolkit.SDK\Microsoft.MixedReality.Toolkit.SDK.csproj", "{E6DFEF10-1E86-4ED5-8657-8A0D64A67C7D}"
EndProject
Project("{FAE04EC0-301F-11D3-BF4B-00C04F79EFBC}") = "Microsoft.MixedReality.Toolkit.Services.SpatialAwarenessSystem", "E:\Programs\Unity\Holo_Projects\App\GeneratedProjects\UWP\Microsoft.MixedReality.Toolkit.Services.SpatialAwarenessSystem\Microsoft.MixedReality.Toolkit.Services.SpatialAwarenessSystem.csproj", "{2B3AD98B-15FC-4772-B1EF-5061CED8ED4D}"
EndProject
Project("{FAE04EC0-301F-11D3-BF4B-00C04F79EFBC}") = "Unity.TextMeshPro", "E:\Programs\Unity\Holo_Projects\App\GeneratedProjects\UWP\Unity.TextMeshPro\Unity.TextMeshPro.csproj", "{AB4C31F0-1BF8-4657-B9E7-ED5CE7B85C09}"
EndProject
Project("{FAE04EC0-301F-11D3-BF4B-00C04F79EFBC}") = "Microsoft.MixedReality.Toolkit.Gltf", "E:\Programs\Unity\Holo_Projects\App\GeneratedProjects\UWP\Microsoft.MixedReality.Toolkit.Gltf\Microsoft.MixedReality.Toolkit.Gltf.csproj", "{4DF561E5-213D-4F56-AC0E-F128A863FA5C}"
EndProject
Project("{FAE04EC0-301F-11D3-BF4B-00C04F79EFBC}") = "Unity.Analytics.DataPrivacy", "E:\Programs\Unity\Holo_Projects\App\GeneratedProjects\UWP\Unity.Analytics.DataPrivacy\Unity.Analytics.DataPrivacy.csproj", "{1A889A06-FF54-46ED-8ED8-2041BC0836F7}"
EndProject
Project("{FAE04EC0-301F-11D3-BF4B-00C04F79EFBC}") = "Microsoft.MixedReality.Toolkit.Services.InputSystem", "E:\Programs\Unity\Holo_Projects\App\GeneratedProjects\UWP\Microsoft.MixedReality.Toolkit.Services.InputSystem\Microsoft.MixedReality.Toolkit.Services.InputSystem.csproj", "{C021F6F3-85EF-4581-B36F-47B04E831B03}"
EndProject
Project("{FAE04EC0-301F-11D3-BF4B-00C04F79EFBC}") = "Microsoft.MixedReality.Toolkit.Services.InputSimulation", "E:\Programs\Unity\Holo_Projects\App\GeneratedProjects\UWP\Microsoft.MixedReality.Toolkit.Services.InputSimulation\Microsoft.MixedReality.Toolkit.Services.InputSimulation.csproj", "{67B3BEB5-2565-4532-8BF5-D304F80D41C7}"
EndProject
Project("{FAE04EC0-301F-11D3-BF4B-00C04F79EFBC}") = "Unity.XR.WindowsMR", "E:\Programs\Unity\Holo_Projects\App\GeneratedProjects\UWP\Unity.XR.WindowsMR\Unity.XR.WindowsMR.csproj", "{58CDF4A6-5B4A-4641-BDD4-62F742CE2D12}"
EndProject
Project("{FAE04EC0-301F-11D3-BF4B-00C04F79EFBC}") = "Microsoft.MixedReality.Toolkit.Services.DiagnosticsSystem", "E:\Programs\Unity\Holo_Projects\App\GeneratedProjects\UWP\Microsoft.MixedReality.Toolkit.Services.DiagnosticsSystem\Microsoft.MixedReality.Toolkit.Services.DiagnosticsSystem.csproj", "{0FCE4292-BD7B-42D3-99EA-85C4B6F907CB}"
EndProject
Project("{FAE04EC0-301F-11D3-BF4B-00C04F79EFBC}") = "Microsoft.MixedReality.Toolkit.Demos.InspectorFields", "E:\Programs\Unity\Holo_Projects\App\GeneratedProjects\UWP\Microsoft.MixedReality.Toolkit.Demos.InspectorFields\Microsoft.MixedReality.Toolkit.Demos.InspectorFields.csproj", "{DA13921B-40A9-459D-A4C2-32DDBD5D038D}"
EndProject
Project("{FAE04EC0-301F-11D3-BF4B-00C04F79EFBC}") = "Microsoft.MixedReality.Toolkit.Async", "E:\Programs\Unity\Holo_Projects\App\GeneratedProjects\UWP\Microsoft.MixedReality.Toolkit.Async\Microsoft.MixedReality.Toolkit.Async.csproj", "{5EDD074B-DE65-40FC-AF7A-64E91B076556}"
EndProject
Project("{FAE04EC0-301F-11D3-BF4B-00C04F79EFBC}") = "Microsoft.MixedReality.Toolkit.Providers.WindowsMixedReality", "E:\Programs\Unity\Holo_Projects\App\GeneratedProjects\UWP\Microsoft.MixedReality.Toolkit.Providers.WindowsMixedReality\Microsoft.MixedReality.Toolkit.Providers.WindowsMixedReality.csproj", "{F6CCAAB5-5E87-412B-87C2-215B3F55BF46}"
EndProject
Project("{FAE04EC0-301F-11D3-BF4B-00C04F79EFBC}") = "Microsoft.MixedReality.Toolkit.Demos.Gltf", "E:\Programs\Unity\Holo_Projects\App\GeneratedProjects\UWP\Microsoft.MixedReality.Toolkit.Demos.Gltf\Microsoft.MixedReality.Toolkit.Demos.Gltf.csproj", "{D4454795-F016-47B5-B4A7-A0C7F29F4702}"
EndProject
Project("{FAE04EC0-301F-11D3-BF4B-00C04F79EFBC}") = "Microsoft.MixedReality.Toolkit.Providers.WindowsVoiceInput", "E:\Programs\Unity\Holo_Projects\App\GeneratedProjects\UWP\Microsoft.MixedReality.Toolkit.Providers.WindowsVoiceInput\Microsoft.MixedReality.Toolkit.Providers.WindowsVoiceInput.csproj", "{1377BA74-CD07-4BFA-9D4D-ED173AB04C21}"
EndProject
Project("{FAE04EC0-301F-11D3-BF4B-00C04F79EFBC}") = "Microsoft.MixedReality.Toolkit.Services.TeleportSystem", "E:\Programs\Unity\Holo_Projects\App\GeneratedProjects\UWP\Microsoft.MixedReality.Toolkit.Services.TeleportSystem\Microsoft.MixedReality.Toolkit.Services.TeleportSystem.csproj", "{A673B900-F3EC-481B-B7A2-16074EBAFFA4}"
EndProject
Project("{FAE04EC0-301F-11D3-BF4B-00C04F79EFBC}") = "Microsoft.MixedReality.Toolkit.Services.CameraSystem", "E:\Programs\Unity\Holo_Projects\App\GeneratedProjects\UWP\Microsoft.MixedReality.Toolkit.Services.CameraSystem\Microsoft.MixedReality.Toolkit.Services.CameraSystem.csproj", "{00D5F5A3-FE0E-48AD-BFC6-A689F656E0A5}"
EndProject
Project("{FAE04EC0-301F-11D3-BF4B-00C04F79EFBC}") = "Microsoft.MixedReality.Toolkit.Services.BoundarySystem", "E:\Programs\Unity\Holo_Projects\App\GeneratedProjects\UWP\Microsoft.MixedReality.Toolkit.Services.BoundarySystem\Microsoft.MixedReality.Toolkit.Services.BoundarySystem.csproj", "{57AD8D16-B38E-4FD4-A326-46CB3A52E9B5}"
EndProject
Project("{FAE04EC0-301F-11D3-BF4B-00C04F79EFBC}") = "Microsoft.MixedReality.Toolkit.Demos.UX.Interactables", "E:\Programs\Unity\Holo_Projects\App\GeneratedProjects\UWP\Microsoft.MixedReality.Toolkit.Demos.UX.Interactables\Microsoft.MixedReality.Toolkit.Demos.UX.Interactables.csproj", "{37FB0249-01ED-460A-9516-A724DB6D750D}"
EndProject
Project("{FAE04EC0-301F-11D3-BF4B-00C04F79EFBC}") = "Microsoft.MixedReality.Toolkit.Services.SceneSystem", "E:\Programs\Unity\Holo_Projects\App\GeneratedProjects\UWP\Microsoft.MixedReality.Toolkit.Services.SceneSystem\Microsoft.MixedReality.Toolkit.Services.SceneSystem.csproj", "{72B38110-43C1-4023-BAF2-54E526CE74E8}"
EndProject
Project("{FAE04EC0-301F-11D3-BF4B-00C04F79EFBC}") = "Microsoft.MixedReality.Toolkit.Services.InputAnimation", "E:\Programs\Unity\Holo_Projects\App\GeneratedProjects\UWP\Microsoft.MixedReality.Toolkit.Services.InputAnimation\Microsoft.MixedReality.Toolkit.Services.InputAnimation.csproj", "{1EBE1038-1808-479F-ACE8-33E39B9C7C7E}"
EndProject
Project("{FAE04EC0-301F-11D3-BF4B-00C04F79EFBC}") = "Microsoft.MixedReality.Toolkit.Extensions.SceneTransitionService", "E:\Programs\Unity\Holo_Projects\App\GeneratedProjects\UWP\Microsoft.MixedReality.Toolkit.Extensions.SceneTransitionService\Microsoft.MixedReality.Toolkit.Extensions.SceneTransitionService.csproj", "{F5F74778-C10F-4D0A-98E2-95FD402DC430}"
EndProject
Project("{FAE04EC0-301F-11D3-BF4B-00C04F79EFBC}") = "Microsoft.MixedReality.Toolkit.Extensions.Tracking", "E:\Programs\Unity\Holo_Projects\App\GeneratedProjects\UWP\Microsoft.MixedReality.Toolkit.Extensions.Tracking\Microsoft.MixedReality.Toolkit.Extensions.Tracking.csproj", "{4552F35D-3784-4D4B-A295-23CD89E61119}"
EndProject
Project("{FAE04EC0-301F-11D3-BF4B-00C04F79EFBC}") = "Microsoft.MixedReality.Toolkit.Tools.Runtime", "E:\Programs\Unity\Holo_Projects\App\GeneratedProjects\UWP\Microsoft.MixedReality.Toolkit.Tools.Runtime\Microsoft.MixedReality.Toolkit.Tools.Runtime.csproj", "{63BA0E43-A6A0-4031-AB49-39C441C28C4A}"
EndProject
Global
	GlobalSection(SolutionConfigurationPlatforms) = preSolution
		Debug|ARM = Debug|ARM
		Debug|x64 = Debug|x64
		Debug|x86 = Debug|x86
		Master|ARM = Master|ARM
		Master|x64 = Master|x64
		Master|x86 = Master|x86
		Release|ARM = Release|ARM
		Release|x64 = Release|x64
		Release|x86 = Release|x86
	EndGlobalSection
	GlobalSection(ProjectConfigurationPlatforms) = postSolution
		{13A45C13-3265-47B8-BC48-A553B569DF55}.Debug|ARM.ActiveCfg = Debug|ARM
		{13A45C13-3265-47B8-BC48-A553B569DF55}.Debug|ARM.Build.0 = Debug|ARM
		{13A45C13-3265-47B8-BC48-A553B569DF55}.Debug|ARM.Deploy.0 = Debug|ARM
		{13A45C13-3265-47B8-BC48-A553B569DF55}.Debug|x64.ActiveCfg = Debug|x64
		{13A45C13-3265-47B8-BC48-A553B569DF55}.Debug|x64.Build.0 = Debug|x64
		{13A45C13-3265-47B8-BC48-A553B569DF55}.Debug|x64.Deploy.0 = Debug|x64
		{13A45C13-3265-47B8-BC48-A553B569DF55}.Debug|x86.ActiveCfg = Debug|x86
		{13A45C13-3265-47B8-BC48-A553B569DF55}.Debug|x86.Build.0 = Debug|x86
		{13A45C13-3265-47B8-BC48-A553B569DF55}.Debug|x86.Deploy.0 = Debug|x86
		{13A45C13-3265-47B8-BC48-A553B569DF55}.Master|ARM.ActiveCfg = Master|ARM
		{13A45C13-3265-47B8-BC48-A553B569DF55}.Master|ARM.Build.0 = Master|ARM
		{13A45C13-3265-47B8-BC48-A553B569DF55}.Master|ARM.Deploy.0 = Master|ARM
		{13A45C13-3265-47B8-BC48-A553B569DF55}.Master|x64.ActiveCfg = Master|x64
		{13A45C13-3265-47B8-BC48-A553B569DF55}.Master|x64.Build.0 = Master|x64
		{13A45C13-3265-47B8-BC48-A553B569DF55}.Master|x64.Deploy.0 = Master|x64
		{13A45C13-3265-47B8-BC48-A553B569DF55}.Master|x86.ActiveCfg = Master|x86
		{13A45C13-3265-47B8-BC48-A553B569DF55}.Master|x86.Build.0 = Master|x86
		{13A45C13-3265-47B8-BC48-A553B569DF55}.Master|x86.Deploy.0 = Master|x86
		{13A45C13-3265-47B8-BC48-A553B569DF55}.Release|ARM.ActiveCfg = Release|ARM
		{13A45C13-3265-47B8-BC48-A553B569DF55}.Release|ARM.Build.0 = Release|ARM
		{13A45C13-3265-47B8-BC48-A553B569DF55}.Release|ARM.Deploy.0 = Release|ARM
		{13A45C13-3265-47B8-BC48-A553B569DF55}.Release|x64.ActiveCfg = Release|x64
		{13A45C13-3265-47B8-BC48-A553B569DF55}.Release|x64.Build.0 = Release|x64
		{13A45C13-3265-47B8-BC48-A553B569DF55}.Release|x64.Deploy.0 = Release|x64
		{13A45C13-3265-47B8-BC48-A553B569DF55}.Release|x86.ActiveCfg = Release|x86
		{13A45C13-3265-47B8-BC48-A553B569DF55}.Release|x86.Build.0 = Release|x86
		{13A45C13-3265-47B8-BC48-A553B569DF55}.Release|x86.Deploy.0 = Release|x86
		{6D5C5C52-AF09-472E-BDE9-B1ECBC5E849D}.Debug|ARM.ActiveCfg = Debug|ARM
		{6D5C5C52-AF09-472E-BDE9-B1ECBC5E849D}.Debug|ARM.Build.0 = Debug|ARM
		{6D5C5C52-AF09-472E-BDE9-B1ECBC5E849D}.Debug|x64.ActiveCfg = Debug|x64
		{6D5C5C52-AF09-472E-BDE9-B1ECBC5E849D}.Debug|x64.Build.0 = Debug|x64
		{6D5C5C52-AF09-472E-BDE9-B1ECBC5E849D}.Debug|x86.ActiveCfg = Debug|x86
		{6D5C5C52-AF09-472E-BDE9-B1ECBC5E849D}.Debug|x86.Build.0 = Debug|x86
		{6D5C5C52-AF09-472E-BDE9-B1ECBC5E849D}.Master|ARM.ActiveCfg = Master|ARM
		{6D5C5C52-AF09-472E-BDE9-B1ECBC5E849D}.Master|ARM.Build.0 = Master|ARM
		{6D5C5C52-AF09-472E-BDE9-B1ECBC5E849D}.Master|x64.ActiveCfg = Master|x64
		{6D5C5C52-AF09-472E-BDE9-B1ECBC5E849D}.Master|x64.Build.0 = Master|x64
		{6D5C5C52-AF09-472E-BDE9-B1ECBC5E849D}.Master|x86.ActiveCfg = Master|x86
		{6D5C5C52-AF09-472E-BDE9-B1ECBC5E849D}.Master|x86.Build.0 = Master|x86
		{6D5C5C52-AF09-472E-BDE9-B1ECBC5E849D}.Release|ARM.ActiveCfg = Release|ARM
		{6D5C5C52-AF09-472E-BDE9-B1ECBC5E849D}.Release|ARM.Build.0 = Release|ARM
		{6D5C5C52-AF09-472E-BDE9-B1ECBC5E849D}.Release|x64.ActiveCfg = Release|x64
		{6D5C5C52-AF09-472E-BDE9-B1ECBC5E849D}.Release|x64.Build.0 = Release|x64
		{6D5C5C52-AF09-472E-BDE9-B1ECBC5E849D}.Release|x86.ActiveCfg = Release|x86
		{6D5C5C52-AF09-472E-BDE9-B1ECBC5E849D}.Release|x86.Build.0 = Release|x86
		{FE1A3484-3042-4FF5-9396-D0164FCBB852}.Debug|ARM.ActiveCfg = Debug|ARM
		{FE1A3484-3042-4FF5-9396-D0164FCBB852}.Debug|ARM.Build.0 = Debug|ARM
		{FE1A3484-3042-4FF5-9396-D0164FCBB852}.Debug|x64.ActiveCfg = Debug|x64
		{FE1A3484-3042-4FF5-9396-D0164FCBB852}.Debug|x64.Build.0 = Debug|x64
		{FE1A3484-3042-4FF5-9396-D0164FCBB852}.Debug|x86.ActiveCfg = Debug|x86
		{FE1A3484-3042-4FF5-9396-D0164FCBB852}.Debug|x86.Build.0 = Debug|x86
		{FE1A3484-3042-4FF5-9396-D0164FCBB852}.Master|ARM.ActiveCfg = Master|ARM
		{FE1A3484-3042-4FF5-9396-D0164FCBB852}.Master|ARM.Build.0 = Master|ARM
		{FE1A3484-3042-4FF5-9396-D0164FCBB852}.Master|x64.ActiveCfg = Master|x64
		{FE1A3484-3042-4FF5-9396-D0164FCBB852}.Master|x64.Build.0 = Master|x64
		{FE1A3484-3042-4FF5-9396-D0164FCBB852}.Master|x86.ActiveCfg = Master|x86
		{FE1A3484-3042-4FF5-9396-D0164FCBB852}.Master|x86.Build.0 = Master|x86
		{FE1A3484-3042-4FF5-9396-D0164FCBB852}.Release|ARM.ActiveCfg = Release|ARM
		{FE1A3484-3042-4FF5-9396-D0164FCBB852}.Release|ARM.Build.0 = Release|ARM
		{FE1A3484-3042-4FF5-9396-D0164FCBB852}.Release|x64.ActiveCfg = Release|x64
		{FE1A3484-3042-4FF5-9396-D0164FCBB852}.Release|x64.Build.0 = Release|x64
		{FE1A3484-3042-4FF5-9396-D0164FCBB852}.Release|x86.ActiveCfg = Release|x86
		{FE1A3484-3042-4FF5-9396-D0164FCBB852}.Release|x86.Build.0 = Release|x86
		{91E6059D-EC0E-4FF7-8724-657B58A03B3A}.Debug|ARM.ActiveCfg = Debug|ARM
		{91E6059D-EC0E-4FF7-8724-657B58A03B3A}.Debug|ARM.Build.0 = Debug|ARM
		{91E6059D-EC0E-4FF7-8724-657B58A03B3A}.Debug|x64.ActiveCfg = Debug|x64
		{91E6059D-EC0E-4FF7-8724-657B58A03B3A}.Debug|x64.Build.0 = Debug|x64
		{91E6059D-EC0E-4FF7-8724-657B58A03B3A}.Debug|x86.ActiveCfg = Debug|x86
		{91E6059D-EC0E-4FF7-8724-657B58A03B3A}.Debug|x86.Build.0 = Debug|x86
		{91E6059D-EC0E-4FF7-8724-657B58A03B3A}.Master|ARM.ActiveCfg = Master|ARM
		{91E6059D-EC0E-4FF7-8724-657B58A03B3A}.Master|ARM.Build.0 = Master|ARM
		{91E6059D-EC0E-4FF7-8724-657B58A03B3A}.Master|x64.ActiveCfg = Master|x64
		{91E6059D-EC0E-4FF7-8724-657B58A03B3A}.Master|x64.Build.0 = Master|x64
		{91E6059D-EC0E-4FF7-8724-657B58A03B3A}.Master|x86.ActiveCfg = Master|x86
		{91E6059D-EC0E-4FF7-8724-657B58A03B3A}.Master|x86.Build.0 = Master|x86
		{91E6059D-EC0E-4FF7-8724-657B58A03B3A}.Release|ARM.ActiveCfg = Release|ARM
		{91E6059D-EC0E-4FF7-8724-657B58A03B3A}.Release|ARM.Build.0 = Release|ARM
		{91E6059D-EC0E-4FF7-8724-657B58A03B3A}.Release|x64.ActiveCfg = Release|x64
		{91E6059D-EC0E-4FF7-8724-657B58A03B3A}.Release|x64.Build.0 = Release|x64
		{91E6059D-EC0E-4FF7-8724-657B58A03B3A}.Release|x86.ActiveCfg = Release|x86
		{91E6059D-EC0E-4FF7-8724-657B58A03B3A}.Release|x86.Build.0 = Release|x86
		{E6DFEF10-1E86-4ED5-8657-8A0D64A67C7D}.Debug|ARM.ActiveCfg = Debug|ARM
		{E6DFEF10-1E86-4ED5-8657-8A0D64A67C7D}.Debug|ARM.Build.0 = Debug|ARM
		{E6DFEF10-1E86-4ED5-8657-8A0D64A67C7D}.Debug|x64.ActiveCfg = Debug|x64
		{E6DFEF10-1E86-4ED5-8657-8A0D64A67C7D}.Debug|x64.Build.0 = Debug|x64
		{E6DFEF10-1E86-4ED5-8657-8A0D64A67C7D}.Debug|x86.ActiveCfg = Debug|x86
		{E6DFEF10-1E86-4ED5-8657-8A0D64A67C7D}.Debug|x86.Build.0 = Debug|x86
		{E6DFEF10-1E86-4ED5-8657-8A0D64A67C7D}.Master|ARM.ActiveCfg = Master|ARM
		{E6DFEF10-1E86-4ED5-8657-8A0D64A67C7D}.Master|ARM.Build.0 = Master|ARM
		{E6DFEF10-1E86-4ED5-8657-8A0D64A67C7D}.Master|x64.ActiveCfg = Master|x64
		{E6DFEF10-1E86-4ED5-8657-8A0D64A67C7D}.Master|x64.Build.0 = Master|x64
		{E6DFEF10-1E86-4ED5-8657-8A0D64A67C7D}.Master|x86.ActiveCfg = Master|x86
		{E6DFEF10-1E86-4ED5-8657-8A0D64A67C7D}.Master|x86.Build.0 = Master|x86
		{E6DFEF10-1E86-4ED5-8657-8A0D64A67C7D}.Release|ARM.ActiveCfg = Release|ARM
		{E6DFEF10-1E86-4ED5-8657-8A0D64A67C7D}.Release|ARM.Build.0 = Release|ARM
		{E6DFEF10-1E86-4ED5-8657-8A0D64A67C7D}.Release|x64.ActiveCfg = Release|x64
		{E6DFEF10-1E86-4ED5-8657-8A0D64A67C7D}.Release|x64.Build.0 = Release|x64
		{E6DFEF10-1E86-4ED5-8657-8A0D64A67C7D}.Release|x86.ActiveCfg = Release|x86
		{E6DFEF10-1E86-4ED5-8657-8A0D64A67C7D}.Release|x86.Build.0 = Release|x86
		{2B3AD98B-15FC-4772-B1EF-5061CED8ED4D}.Debug|ARM.ActiveCfg = Debug|ARM
		{2B3AD98B-15FC-4772-B1EF-5061CED8ED4D}.Debug|ARM.Build.0 = Debug|ARM
		{2B3AD98B-15FC-4772-B1EF-5061CED8ED4D}.Debug|x64.ActiveCfg = Debug|x64
		{2B3AD98B-15FC-4772-B1EF-5061CED8ED4D}.Debug|x64.Build.0 = Debug|x64
		{2B3AD98B-15FC-4772-B1EF-5061CED8ED4D}.Debug|x86.ActiveCfg = Debug|x86
		{2B3AD98B-15FC-4772-B1EF-5061CED8ED4D}.Debug|x86.Build.0 = Debug|x86
		{2B3AD98B-15FC-4772-B1EF-5061CED8ED4D}.Master|ARM.ActiveCfg = Master|ARM
		{2B3AD98B-15FC-4772-B1EF-5061CED8ED4D}.Master|ARM.Build.0 = Master|ARM
		{2B3AD98B-15FC-4772-B1EF-5061CED8ED4D}.Master|x64.ActiveCfg = Master|x64
		{2B3AD98B-15FC-4772-B1EF-5061CED8ED4D}.Master|x64.Build.0 = Master|x64
		{2B3AD98B-15FC-4772-B1EF-5061CED8ED4D}.Master|x86.ActiveCfg = Master|x86
		{2B3AD98B-15FC-4772-B1EF-5061CED8ED4D}.Master|x86.Build.0 = Master|x86
		{2B3AD98B-15FC-4772-B1EF-5061CED8ED4D}.Release|ARM.ActiveCfg = Release|ARM
		{2B3AD98B-15FC-4772-B1EF-5061CED8ED4D}.Release|ARM.Build.0 = Release|ARM
		{2B3AD98B-15FC-4772-B1EF-5061CED8ED4D}.Release|x64.ActiveCfg = Release|x64
		{2B3AD98B-15FC-4772-B1EF-5061CED8ED4D}.Release|x64.Build.0 = Release|x64
		{2B3AD98B-15FC-4772-B1EF-5061CED8ED4D}.Release|x86.ActiveCfg = Release|x86
		{2B3AD98B-15FC-4772-B1EF-5061CED8ED4D}.Release|x86.Build.0 = Release|x86
		{AB4C31F0-1BF8-4657-B9E7-ED5CE7B85C09}.Debug|ARM.ActiveCfg = Debug|ARM
		{AB4C31F0-1BF8-4657-B9E7-ED5CE7B85C09}.Debug|ARM.Build.0 = Debug|ARM
		{AB4C31F0-1BF8-4657-B9E7-ED5CE7B85C09}.Debug|x64.ActiveCfg = Debug|x64
		{AB4C31F0-1BF8-4657-B9E7-ED5CE7B85C09}.Debug|x64.Build.0 = Debug|x64
		{AB4C31F0-1BF8-4657-B9E7-ED5CE7B85C09}.Debug|x86.ActiveCfg = Debug|x86
		{AB4C31F0-1BF8-4657-B9E7-ED5CE7B85C09}.Debug|x86.Build.0 = Debug|x86
		{AB4C31F0-1BF8-4657-B9E7-ED5CE7B85C09}.Master|ARM.ActiveCfg = Master|ARM
		{AB4C31F0-1BF8-4657-B9E7-ED5CE7B85C09}.Master|ARM.Build.0 = Master|ARM
		{AB4C31F0-1BF8-4657-B9E7-ED5CE7B85C09}.Master|x64.ActiveCfg = Master|x64
		{AB4C31F0-1BF8-4657-B9E7-ED5CE7B85C09}.Master|x64.Build.0 = Master|x64
		{AB4C31F0-1BF8-4657-B9E7-ED5CE7B85C09}.Master|x86.ActiveCfg = Master|x86
		{AB4C31F0-1BF8-4657-B9E7-ED5CE7B85C09}.Master|x86.Build.0 = Master|x86
		{AB4C31F0-1BF8-4657-B9E7-ED5CE7B85C09}.Release|ARM.ActiveCfg = Release|ARM
		{AB4C31F0-1BF8-4657-B9E7-ED5CE7B85C09}.Release|ARM.Build.0 = Release|ARM
		{AB4C31F0-1BF8-4657-B9E7-ED5CE7B85C09}.Release|x64.ActiveCfg = Release|x64
		{AB4C31F0-1BF8-4657-B9E7-ED5CE7B85C09}.Release|x64.Build.0 = Release|x64
		{AB4C31F0-1BF8-4657-B9E7-ED5CE7B85C09}.Release|x86.ActiveCfg = Release|x86
		{AB4C31F0-1BF8-4657-B9E7-ED5CE7B85C09}.Release|x86.Build.0 = Release|x86
		{4DF561E5-213D-4F56-AC0E-F128A863FA5C}.Debug|ARM.ActiveCfg = Debug|ARM
		{4DF561E5-213D-4F56-AC0E-F128A863FA5C}.Debug|ARM.Build.0 = Debug|ARM
		{4DF561E5-213D-4F56-AC0E-F128A863FA5C}.Debug|x64.ActiveCfg = Debug|x64
		{4DF561E5-213D-4F56-AC0E-F128A863FA5C}.Debug|x64.Build.0 = Debug|x64
		{4DF561E5-213D-4F56-AC0E-F128A863FA5C}.Debug|x86.ActiveCfg = Debug|x86
		{4DF561E5-213D-4F56-AC0E-F128A863FA5C}.Debug|x86.Build.0 = Debug|x86
		{4DF561E5-213D-4F56-AC0E-F128A863FA5C}.Master|ARM.ActiveCfg = Master|ARM
		{4DF561E5-213D-4F56-AC0E-F128A863FA5C}.Master|ARM.Build.0 = Master|ARM
		{4DF561E5-213D-4F56-AC0E-F128A863FA5C}.Master|x64.ActiveCfg = Master|x64
		{4DF561E5-213D-4F56-AC0E-F128A863FA5C}.Master|x64.Build.0 = Master|x64
		{4DF561E5-213D-4F56-AC0E-F128A863FA5C}.Master|x86.ActiveCfg = Master|x86
		{4DF561E5-213D-4F56-AC0E-F128A863FA5C}.Master|x86.Build.0 = Master|x86
		{4DF561E5-213D-4F56-AC0E-F128A863FA5C}.Release|ARM.ActiveCfg = Release|ARM
		{4DF561E5-213D-4F56-AC0E-F128A863FA5C}.Release|ARM.Build.0 = Release|ARM
		{4DF561E5-213D-4F56-AC0E-F128A863FA5C}.Release|x64.ActiveCfg = Release|x64
		{4DF561E5-213D-4F56-AC0E-F128A863FA5C}.Release|x64.Build.0 = Release|x64
		{4DF561E5-213D-4F56-AC0E-F128A863FA5C}.Release|x86.ActiveCfg = Release|x86
		{4DF561E5-213D-4F56-AC0E-F128A863FA5C}.Release|x86.Build.0 = Release|x86
		{1A889A06-FF54-46ED-8ED8-2041BC0836F7}.Debug|ARM.ActiveCfg = Debug|ARM
		{1A889A06-FF54-46ED-8ED8-2041BC0836F7}.Debug|ARM.Build.0 = Debug|ARM
		{1A889A06-FF54-46ED-8ED8-2041BC0836F7}.Debug|x64.ActiveCfg = Debug|x64
		{1A889A06-FF54-46ED-8ED8-2041BC0836F7}.Debug|x64.Build.0 = Debug|x64
		{1A889A06-FF54-46ED-8ED8-2041BC0836F7}.Debug|x86.ActiveCfg = Debug|x86
		{1A889A06-FF54-46ED-8ED8-2041BC0836F7}.Debug|x86.Build.0 = Debug|x86
		{1A889A06-FF54-46ED-8ED8-2041BC0836F7}.Master|ARM.ActiveCfg = Master|ARM
		{1A889A06-FF54-46ED-8ED8-2041BC0836F7}.Master|ARM.Build.0 = Master|ARM
		{1A889A06-FF54-46ED-8ED8-2041BC0836F7}.Master|x64.ActiveCfg = Master|x64
		{1A889A06-FF54-46ED-8ED8-2041BC0836F7}.Master|x64.Build.0 = Master|x64
		{1A889A06-FF54-46ED-8ED8-2041BC0836F7}.Master|x86.ActiveCfg = Master|x86
		{1A889A06-FF54-46ED-8ED8-2041BC0836F7}.Master|x86.Build.0 = Master|x86
		{1A889A06-FF54-46ED-8ED8-2041BC0836F7}.Release|ARM.ActiveCfg = Release|ARM
		{1A889A06-FF54-46ED-8ED8-2041BC0836F7}.Release|ARM.Build.0 = Release|ARM
		{1A889A06-FF54-46ED-8ED8-2041BC0836F7}.Release|x64.ActiveCfg = Release|x64
		{1A889A06-FF54-46ED-8ED8-2041BC0836F7}.Release|x64.Build.0 = Release|x64
		{1A889A06-FF54-46ED-8ED8-2041BC0836F7}.Release|x86.ActiveCfg = Release|x86
		{1A889A06-FF54-46ED-8ED8-2041BC0836F7}.Release|x86.Build.0 = Release|x86
		{C021F6F3-85EF-4581-B36F-47B04E831B03}.Debug|ARM.ActiveCfg = Debug|ARM
		{C021F6F3-85EF-4581-B36F-47B04E831B03}.Debug|ARM.Build.0 = Debug|ARM
		{C021F6F3-85EF-4581-B36F-47B04E831B03}.Debug|x64.ActiveCfg = Debug|x64
		{C021F6F3-85EF-4581-B36F-47B04E831B03}.Debug|x64.Build.0 = Debug|x64
		{C021F6F3-85EF-4581-B36F-47B04E831B03}.Debug|x86.ActiveCfg = Debug|x86
		{C021F6F3-85EF-4581-B36F-47B04E831B03}.Debug|x86.Build.0 = Debug|x86
		{C021F6F3-85EF-4581-B36F-47B04E831B03}.Master|ARM.ActiveCfg = Master|ARM
		{C021F6F3-85EF-4581-B36F-47B04E831B03}.Master|ARM.Build.0 = Master|ARM
		{C021F6F3-85EF-4581-B36F-47B04E831B03}.Master|x64.ActiveCfg = Master|x64
		{C021F6F3-85EF-4581-B36F-47B04E831B03}.Master|x64.Build.0 = Master|x64
		{C021F6F3-85EF-4581-B36F-47B04E831B03}.Master|x86.ActiveCfg = Master|x86
		{C021F6F3-85EF-4581-B36F-47B04E831B03}.Master|x86.Build.0 = Master|x86
		{C021F6F3-85EF-4581-B36F-47B04E831B03}.Release|ARM.ActiveCfg = Release|ARM
		{C021F6F3-85EF-4581-B36F-47B04E831B03}.Release|ARM.Build.0 = Release|ARM
		{C021F6F3-85EF-4581-B36F-47B04E831B03}.Release|x64.ActiveCfg = Release|x64
		{C021F6F3-85EF-4581-B36F-47B04E831B03}.Release|x64.Build.0 = Release|x64
		{C021F6F3-85EF-4581-B36F-47B04E831B03}.Release|x86.ActiveCfg = Release|x86
		{C021F6F3-85EF-4581-B36F-47B04E831B03}.Release|x86.Build.0 = Release|x86
		{67B3BEB5-2565-4532-8BF5-D304F80D41C7}.Debug|ARM.ActiveCfg = Debug|ARM
		{67B3BEB5-2565-4532-8BF5-D304F80D41C7}.Debug|ARM.Build.0 = Debug|ARM
		{67B3BEB5-2565-4532-8BF5-D304F80D41C7}.Debug|x64.ActiveCfg = Debug|x64
		{67B3BEB5-2565-4532-8BF5-D304F80D41C7}.Debug|x64.Build.0 = Debug|x64
		{67B3BEB5-2565-4532-8BF5-D304F80D41C7}.Debug|x86.ActiveCfg = Debug|x86
		{67B3BEB5-2565-4532-8BF5-D304F80D41C7}.Debug|x86.Build.0 = Debug|x86
		{67B3BEB5-2565-4532-8BF5-D304F80D41C7}.Master|ARM.ActiveCfg = Master|ARM
		{67B3BEB5-2565-4532-8BF5-D304F80D41C7}.Master|ARM.Build.0 = Master|ARM
		{67B3BEB5-2565-4532-8BF5-D304F80D41C7}.Master|x64.ActiveCfg = Master|x64
		{67B3BEB5-2565-4532-8BF5-D304F80D41C7}.Master|x64.Build.0 = Master|x64
		{67B3BEB5-2565-4532-8BF5-D304F80D41C7}.Master|x86.ActiveCfg = Master|x86
		{67B3BEB5-2565-4532-8BF5-D304F80D41C7}.Master|x86.Build.0 = Master|x86
		{67B3BEB5-2565-4532-8BF5-D304F80D41C7}.Release|ARM.ActiveCfg = Release|ARM
		{67B3BEB5-2565-4532-8BF5-D304F80D41C7}.Release|ARM.Build.0 = Release|ARM
		{67B3BEB5-2565-4532-8BF5-D304F80D41C7}.Release|x64.ActiveCfg = Release|x64
		{67B3BEB5-2565-4532-8BF5-D304F80D41C7}.Release|x64.Build.0 = Release|x64
		{67B3BEB5-2565-4532-8BF5-D304F80D41C7}.Release|x86.ActiveCfg = Release|x86
		{67B3BEB5-2565-4532-8BF5-D304F80D41C7}.Release|x86.Build.0 = Release|x86
		{58CDF4A6-5B4A-4641-BDD4-62F742CE2D12}.Debug|ARM.ActiveCfg = Debug|ARM
		{58CDF4A6-5B4A-4641-BDD4-62F742CE2D12}.Debug|ARM.Build.0 = Debug|ARM
		{58CDF4A6-5B4A-4641-BDD4-62F742CE2D12}.Debug|x64.ActiveCfg = Debug|x64
		{58CDF4A6-5B4A-4641-BDD4-62F742CE2D12}.Debug|x64.Build.0 = Debug|x64
		{58CDF4A6-5B4A-4641-BDD4-62F742CE2D12}.Debug|x86.ActiveCfg = Debug|x86
		{58CDF4A6-5B4A-4641-BDD4-62F742CE2D12}.Debug|x86.Build.0 = Debug|x86
		{58CDF4A6-5B4A-4641-BDD4-62F742CE2D12}.Master|ARM.ActiveCfg = Master|ARM
		{58CDF4A6-5B4A-4641-BDD4-62F742CE2D12}.Master|ARM.Build.0 = Master|ARM
		{58CDF4A6-5B4A-4641-BDD4-62F742CE2D12}.Master|x64.ActiveCfg = Master|x64
		{58CDF4A6-5B4A-4641-BDD4-62F742CE2D12}.Master|x64.Build.0 = Master|x64
		{58CDF4A6-5B4A-4641-BDD4-62F742CE2D12}.Master|x86.ActiveCfg = Master|x86
		{58CDF4A6-5B4A-4641-BDD4-62F742CE2D12}.Master|x86.Build.0 = Master|x86
		{58CDF4A6-5B4A-4641-BDD4-62F742CE2D12}.Release|ARM.ActiveCfg = Release|ARM
		{58CDF4A6-5B4A-4641-BDD4-62F742CE2D12}.Release|ARM.Build.0 = Release|ARM
		{58CDF4A6-5B4A-4641-BDD4-62F742CE2D12}.Release|x64.ActiveCfg = Release|x64
		{58CDF4A6-5B4A-4641-BDD4-62F742CE2D12}.Release|x64.Build.0 = Release|x64
		{58CDF4A6-5B4A-4641-BDD4-62F742CE2D12}.Release|x86.ActiveCfg = Release|x86
		{58CDF4A6-5B4A-4641-BDD4-62F742CE2D12}.Release|x86.Build.0 = Release|x86
		{0FCE4292-BD7B-42D3-99EA-85C4B6F907CB}.Debug|ARM.ActiveCfg = Debug|ARM
		{0FCE4292-BD7B-42D3-99EA-85C4B6F907CB}.Debug|ARM.Build.0 = Debug|ARM
		{0FCE4292-BD7B-42D3-99EA-85C4B6F907CB}.Debug|x64.ActiveCfg = Debug|x64
		{0FCE4292-BD7B-42D3-99EA-85C4B6F907CB}.Debug|x64.Build.0 = Debug|x64
		{0FCE4292-BD7B-42D3-99EA-85C4B6F907CB}.Debug|x86.ActiveCfg = Debug|x86
		{0FCE4292-BD7B-42D3-99EA-85C4B6F907CB}.Debug|x86.Build.0 = Debug|x86
		{0FCE4292-BD7B-42D3-99EA-85C4B6F907CB}.Master|ARM.ActiveCfg = Master|ARM
		{0FCE4292-BD7B-42D3-99EA-85C4B6F907CB}.Master|ARM.Build.0 = Master|ARM
		{0FCE4292-BD7B-42D3-99EA-85C4B6F907CB}.Master|x64.ActiveCfg = Master|x64
		{0FCE4292-BD7B-42D3-99EA-85C4B6F907CB}.Master|x64.Build.0 = Master|x64
		{0FCE4292-BD7B-42D3-99EA-85C4B6F907CB}.Master|x86.ActiveCfg = Master|x86
		{0FCE4292-BD7B-42D3-99EA-85C4B6F907CB}.Master|x86.Build.0 = Master|x86
		{0FCE4292-BD7B-42D3-99EA-85C4B6F907CB}.Release|ARM.ActiveCfg = Release|ARM
		{0FCE4292-BD7B-42D3-99EA-85C4B6F907CB}.Release|ARM.Build.0 = Release|ARM
		{0FCE4292-BD7B-42D3-99EA-85C4B6F907CB}.Release|x64.ActiveCfg = Release|x64
		{0FCE4292-BD7B-42D3-99EA-85C4B6F907CB}.Release|x64.Build.0 = Release|x64
		{0FCE4292-BD7B-42D3-99EA-85C4B6F907CB}.Release|x86.ActiveCfg = Release|x86
		{0FCE4292-BD7B-42D3-99EA-85C4B6F907CB}.Release|x86.Build.0 = Release|x86
		{DA13921B-40A9-459D-A4C2-32DDBD5D038D}.Debug|ARM.ActiveCfg = Debug|ARM
		{DA13921B-40A9-459D-A4C2-32DDBD5D038D}.Debug|ARM.Build.0 = Debug|ARM
		{DA13921B-40A9-459D-A4C2-32DDBD5D038D}.Debug|x64.ActiveCfg = Debug|x64
		{DA13921B-40A9-459D-A4C2-32DDBD5D038D}.Debug|x64.Build.0 = Debug|x64
		{DA13921B-40A9-459D-A4C2-32DDBD5D038D}.Debug|x86.ActiveCfg = Debug|x86
		{DA13921B-40A9-459D-A4C2-32DDBD5D038D}.Debug|x86.Build.0 = Debug|x86
		{DA13921B-40A9-459D-A4C2-32DDBD5D038D}.Master|ARM.ActiveCfg = Master|ARM
		{DA13921B-40A9-459D-A4C2-32DDBD5D038D}.Master|ARM.Build.0 = Master|ARM
		{DA13921B-40A9-459D-A4C2-32DDBD5D038D}.Master|x64.ActiveCfg = Master|x64
		{DA13921B-40A9-459D-A4C2-32DDBD5D038D}.Master|x64.Build.0 = Master|x64
		{DA13921B-40A9-459D-A4C2-32DDBD5D038D}.Master|x86.ActiveCfg = Master|x86
		{DA13921B-40A9-459D-A4C2-32DDBD5D038D}.Master|x86.Build.0 = Master|x86
		{DA13921B-40A9-459D-A4C2-32DDBD5D038D}.Release|ARM.ActiveCfg = Release|ARM
		{DA13921B-40A9-459D-A4C2-32DDBD5D038D}.Release|ARM.Build.0 = Release|ARM
		{DA13921B-40A9-459D-A4C2-32DDBD5D038D}.Release|x64.ActiveCfg = Release|x64
		{DA13921B-40A9-459D-A4C2-32DDBD5D038D}.Release|x64.Build.0 = Release|x64
		{DA13921B-40A9-459D-A4C2-32DDBD5D038D}.Release|x86.ActiveCfg = Release|x86
		{DA13921B-40A9-459D-A4C2-32DDBD5D038D}.Release|x86.Build.0 = Release|x86
		{5EDD074B-DE65-40FC-AF7A-64E91B076556}.Debug|ARM.ActiveCfg = Debug|ARM
		{5EDD074B-DE65-40FC-AF7A-64E91B076556}.Debug|ARM.Build.0 = Debug|ARM
		{5EDD074B-DE65-40FC-AF7A-64E91B076556}.Debug|x64.ActiveCfg = Debug|x64
		{5EDD074B-DE65-40FC-AF7A-64E91B076556}.Debug|x64.Build.0 = Debug|x64
		{5EDD074B-DE65-40FC-AF7A-64E91B076556}.Debug|x86.ActiveCfg = Debug|x86
		{5EDD074B-DE65-40FC-AF7A-64E91B076556}.Debug|x86.Build.0 = Debug|x86
		{5EDD074B-DE65-40FC-AF7A-64E91B076556}.Master|ARM.ActiveCfg = Master|ARM
		{5EDD074B-DE65-40FC-AF7A-64E91B076556}.Master|ARM.Build.0 = Master|ARM
		{5EDD074B-DE65-40FC-AF7A-64E91B076556}.Master|x64.ActiveCfg = Master|x64
		{5EDD074B-DE65-40FC-AF7A-64E91B076556}.Master|x64.Build.0 = Master|x64
		{5EDD074B-DE65-40FC-AF7A-64E91B076556}.Master|x86.ActiveCfg = Master|x86
		{5EDD074B-DE65-40FC-AF7A-64E91B076556}.Master|x86.Build.0 = Master|x86
		{5EDD074B-DE65-40FC-AF7A-64E91B076556}.Release|ARM.ActiveCfg = Release|ARM
		{5EDD074B-DE65-40FC-AF7A-64E91B076556}.Release|ARM.Build.0 = Release|ARM
		{5EDD074B-DE65-40FC-AF7A-64E91B076556}.Release|x64.ActiveCfg = Release|x64
		{5EDD074B-DE65-40FC-AF7A-64E91B076556}.Release|x64.Build.0 = Release|x64
		{5EDD074B-DE65-40FC-AF7A-64E91B076556}.Release|x86.ActiveCfg = Release|x86
		{5EDD074B-DE65-40FC-AF7A-64E91B076556}.Release|x86.Build.0 = Release|x86
		{F6CCAAB5-5E87-412B-87C2-215B3F55BF46}.Debug|ARM.ActiveCfg = Debug|ARM
		{F6CCAAB5-5E87-412B-87C2-215B3F55BF46}.Debug|ARM.Build.0 = Debug|ARM
		{F6CCAAB5-5E87-412B-87C2-215B3F55BF46}.Debug|x64.ActiveCfg = Debug|x64
		{F6CCAAB5-5E87-412B-87C2-215B3F55BF46}.Debug|x64.Build.0 = Debug|x64
		{F6CCAAB5-5E87-412B-87C2-215B3F55BF46}.Debug|x86.ActiveCfg = Debug|x86
		{F6CCAAB5-5E87-412B-87C2-215B3F55BF46}.Debug|x86.Build.0 = Debug|x86
		{F6CCAAB5-5E87-412B-87C2-215B3F55BF46}.Master|ARM.ActiveCfg = Master|ARM
		{F6CCAAB5-5E87-412B-87C2-215B3F55BF46}.Master|ARM.Build.0 = Master|ARM
		{F6CCAAB5-5E87-412B-87C2-215B3F55BF46}.Master|x64.ActiveCfg = Master|x64
		{F6CCAAB5-5E87-412B-87C2-215B3F55BF46}.Master|x64.Build.0 = Master|x64
		{F6CCAAB5-5E87-412B-87C2-215B3F55BF46}.Master|x86.ActiveCfg = Master|x86
		{F6CCAAB5-5E87-412B-87C2-215B3F55BF46}.Master|x86.Build.0 = Master|x86
		{F6CCAAB5-5E87-412B-87C2-215B3F55BF46}.Release|ARM.ActiveCfg = Release|ARM
		{F6CCAAB5-5E87-412B-87C2-215B3F55BF46}.Release|ARM.Build.0 = Release|ARM
		{F6CCAAB5-5E87-412B-87C2-215B3F55BF46}.Release|x64.ActiveCfg = Release|x64
		{F6CCAAB5-5E87-412B-87C2-215B3F55BF46}.Release|x64.Build.0 = Release|x64
		{F6CCAAB5-5E87-412B-87C2-215B3F55BF46}.Release|x86.ActiveCfg = Release|x86
		{F6CCAAB5-5E87-412B-87C2-215B3F55BF46}.Release|x86.Build.0 = Release|x86
		{D4454795-F016-47B5-B4A7-A0C7F29F4702}.Debug|ARM.ActiveCfg = Debug|ARM
		{D4454795-F016-47B5-B4A7-A0C7F29F4702}.Debug|ARM.Build.0 = Debug|ARM
		{D4454795-F016-47B5-B4A7-A0C7F29F4702}.Debug|x64.ActiveCfg = Debug|x64
		{D4454795-F016-47B5-B4A7-A0C7F29F4702}.Debug|x64.Build.0 = Debug|x64
		{D4454795-F016-47B5-B4A7-A0C7F29F4702}.Debug|x86.ActiveCfg = Debug|x86
		{D4454795-F016-47B5-B4A7-A0C7F29F4702}.Debug|x86.Build.0 = Debug|x86
		{D4454795-F016-47B5-B4A7-A0C7F29F4702}.Master|ARM.ActiveCfg = Master|ARM
		{D4454795-F016-47B5-B4A7-A0C7F29F4702}.Master|ARM.Build.0 = Master|ARM
		{D4454795-F016-47B5-B4A7-A0C7F29F4702}.Master|x64.ActiveCfg = Master|x64
		{D4454795-F016-47B5-B4A7-A0C7F29F4702}.Master|x64.Build.0 = Master|x64
		{D4454795-F016-47B5-B4A7-A0C7F29F4702}.Master|x86.ActiveCfg = Master|x86
		{D4454795-F016-47B5-B4A7-A0C7F29F4702}.Master|x86.Build.0 = Master|x86
		{D4454795-F016-47B5-B4A7-A0C7F29F4702}.Release|ARM.ActiveCfg = Release|ARM
		{D4454795-F016-47B5-B4A7-A0C7F29F4702}.Release|ARM.Build.0 = Release|ARM
		{D4454795-F016-47B5-B4A7-A0C7F29F4702}.Release|x64.ActiveCfg = Release|x64
		{D4454795-F016-47B5-B4A7-A0C7F29F4702}.Release|x64.Build.0 = Release|x64
		{D4454795-F016-47B5-B4A7-A0C7F29F4702}.Release|x86.ActiveCfg = Release|x86
		{D4454795-F016-47B5-B4A7-A0C7F29F4702}.Release|x86.Build.0 = Release|x86
		{1377BA74-CD07-4BFA-9D4D-ED173AB04C21}.Debug|ARM.ActiveCfg = Debug|ARM
		{1377BA74-CD07-4BFA-9D4D-ED173AB04C21}.Debug|ARM.Build.0 = Debug|ARM
		{1377BA74-CD07-4BFA-9D4D-ED173AB04C21}.Debug|x64.ActiveCfg = Debug|x64
		{1377BA74-CD07-4BFA-9D4D-ED173AB04C21}.Debug|x64.Build.0 = Debug|x64
		{1377BA74-CD07-4BFA-9D4D-ED173AB04C21}.Debug|x86.ActiveCfg = Debug|x86
		{1377BA74-CD07-4BFA-9D4D-ED173AB04C21}.Debug|x86.Build.0 = Debug|x86
		{1377BA74-CD07-4BFA-9D4D-ED173AB04C21}.Master|ARM.ActiveCfg = Master|ARM
		{1377BA74-CD07-4BFA-9D4D-ED173AB04C21}.Master|ARM.Build.0 = Master|ARM
		{1377BA74-CD07-4BFA-9D4D-ED173AB04C21}.Master|x64.ActiveCfg = Master|x64
		{1377BA74-CD07-4BFA-9D4D-ED173AB04C21}.Master|x64.Build.0 = Master|x64
		{1377BA74-CD07-4BFA-9D4D-ED173AB04C21}.Master|x86.ActiveCfg = Master|x86
		{1377BA74-CD07-4BFA-9D4D-ED173AB04C21}.Master|x86.Build.0 = Master|x86
		{1377BA74-CD07-4BFA-9D4D-ED173AB04C21}.Release|ARM.ActiveCfg = Release|ARM
		{1377BA74-CD07-4BFA-9D4D-ED173AB04C21}.Release|ARM.Build.0 = Release|ARM
		{1377BA74-CD07-4BFA-9D4D-ED173AB04C21}.Release|x64.ActiveCfg = Release|x64
		{1377BA74-CD07-4BFA-9D4D-ED173AB04C21}.Release|x64.Build.0 = Release|x64
		{1377BA74-CD07-4BFA-9D4D-ED173AB04C21}.Release|x86.ActiveCfg = Release|x86
		{1377BA74-CD07-4BFA-9D4D-ED173AB04C21}.Release|x86.Build.0 = Release|x86
		{A673B900-F3EC-481B-B7A2-16074EBAFFA4}.Debug|ARM.ActiveCfg = Debug|ARM
		{A673B900-F3EC-481B-B7A2-16074EBAFFA4}.Debug|ARM.Build.0 = Debug|ARM
		{A673B900-F3EC-481B-B7A2-16074EBAFFA4}.Debug|x64.ActiveCfg = Debug|x64
		{A673B900-F3EC-481B-B7A2-16074EBAFFA4}.Debug|x64.Build.0 = Debug|x64
		{A673B900-F3EC-481B-B7A2-16074EBAFFA4}.Debug|x86.ActiveCfg = Debug|x86
		{A673B900-F3EC-481B-B7A2-16074EBAFFA4}.Debug|x86.Build.0 = Debug|x86
		{A673B900-F3EC-481B-B7A2-16074EBAFFA4}.Master|ARM.ActiveCfg = Master|ARM
		{A673B900-F3EC-481B-B7A2-16074EBAFFA4}.Master|ARM.Build.0 = Master|ARM
		{A673B900-F3EC-481B-B7A2-16074EBAFFA4}.Master|x64.ActiveCfg = Master|x64
		{A673B900-F3EC-481B-B7A2-16074EBAFFA4}.Master|x64.Build.0 = Master|x64
		{A673B900-F3EC-481B-B7A2-16074EBAFFA4}.Master|x86.ActiveCfg = Master|x86
		{A673B900-F3EC-481B-B7A2-16074EBAFFA4}.Master|x86.Build.0 = Master|x86
		{A673B900-F3EC-481B-B7A2-16074EBAFFA4}.Release|ARM.ActiveCfg = Release|ARM
		{A673B900-F3EC-481B-B7A2-16074EBAFFA4}.Release|ARM.Build.0 = Release|ARM
		{A673B900-F3EC-481B-B7A2-16074EBAFFA4}.Release|x64.ActiveCfg = Release|x64
		{A673B900-F3EC-481B-B7A2-16074EBAFFA4}.Release|x64.Build.0 = Release|x64
		{A673B900-F3EC-481B-B7A2-16074EBAFFA4}.Release|x86.ActiveCfg = Release|x86
		{A673B900-F3EC-481B-B7A2-16074EBAFFA4}.Release|x86.Build.0 = Release|x86
		{00D5F5A3-FE0E-48AD-BFC6-A689F656E0A5}.Debug|ARM.ActiveCfg = Debug|ARM
		{00D5F5A3-FE0E-48AD-BFC6-A689F656E0A5}.Debug|ARM.Build.0 = Debug|ARM
		{00D5F5A3-FE0E-48AD-BFC6-A689F656E0A5}.Debug|x64.ActiveCfg = Debug|x64
		{00D5F5A3-FE0E-48AD-BFC6-A689F656E0A5}.Debug|x64.Build.0 = Debug|x64
		{00D5F5A3-FE0E-48AD-BFC6-A689F656E0A5}.Debug|x86.ActiveCfg = Debug|x86
		{00D5F5A3-FE0E-48AD-BFC6-A689F656E0A5}.Debug|x86.Build.0 = Debug|x86
		{00D5F5A3-FE0E-48AD-BFC6-A689F656E0A5}.Master|ARM.ActiveCfg = Master|ARM
		{00D5F5A3-FE0E-48AD-BFC6-A689F656E0A5}.Master|ARM.Build.0 = Master|ARM
		{00D5F5A3-FE0E-48AD-BFC6-A689F656E0A5}.Master|x64.ActiveCfg = Master|x64
		{00D5F5A3-FE0E-48AD-BFC6-A689F656E0A5}.Master|x64.Build.0 = Master|x64
		{00D5F5A3-FE0E-48AD-BFC6-A689F656E0A5}.Master|x86.ActiveCfg = Master|x86
		{00D5F5A3-FE0E-48AD-BFC6-A689F656E0A5}.Master|x86.Build.0 = Master|x86
		{00D5F5A3-FE0E-48AD-BFC6-A689F656E0A5}.Release|ARM.ActiveCfg = Release|ARM
		{00D5F5A3-FE0E-48AD-BFC6-A689F656E0A5}.Release|ARM.Build.0 = Release|ARM
		{00D5F5A3-FE0E-48AD-BFC6-A689F656E0A5}.Release|x64.ActiveCfg = Release|x64
		{00D5F5A3-FE0E-48AD-BFC6-A689F656E0A5}.Release|x64.Build.0 = Release|x64
		{00D5F5A3-FE0E-48AD-BFC6-A689F656E0A5}.Release|x86.ActiveCfg = Release|x86
		{00D5F5A3-FE0E-48AD-BFC6-A689F656E0A5}.Release|x86.Build.0 = Release|x86
		{57AD8D16-B38E-4FD4-A326-46CB3A52E9B5}.Debug|ARM.ActiveCfg = Debug|ARM
		{57AD8D16-B38E-4FD4-A326-46CB3A52E9B5}.Debug|ARM.Build.0 = Debug|ARM
		{57AD8D16-B38E-4FD4-A326-46CB3A52E9B5}.Debug|x64.ActiveCfg = Debug|x64
		{57AD8D16-B38E-4FD4-A326-46CB3A52E9B5}.Debug|x64.Build.0 = Debug|x64
		{57AD8D16-B38E-4FD4-A326-46CB3A52E9B5}.Debug|x86.ActiveCfg = Debug|x86
		{57AD8D16-B38E-4FD4-A326-46CB3A52E9B5}.Debug|x86.Build.0 = Debug|x86
		{57AD8D16-B38E-4FD4-A326-46CB3A52E9B5}.Master|ARM.ActiveCfg = Master|ARM
		{57AD8D16-B38E-4FD4-A326-46CB3A52E9B5}.Master|ARM.Build.0 = Master|ARM
		{57AD8D16-B38E-4FD4-A326-46CB3A52E9B5}.Master|x64.ActiveCfg = Master|x64
		{57AD8D16-B38E-4FD4-A326-46CB3A52E9B5}.Master|x64.Build.0 = Master|x64
		{57AD8D16-B38E-4FD4-A326-46CB3A52E9B5}.Master|x86.ActiveCfg = Master|x86
		{57AD8D16-B38E-4FD4-A326-46CB3A52E9B5}.Master|x86.Build.0 = Master|x86
		{57AD8D16-B38E-4FD4-A326-46CB3A52E9B5}.Release|ARM.ActiveCfg = Release|ARM
		{57AD8D16-B38E-4FD4-A326-46CB3A52E9B5}.Release|ARM.Build.0 = Release|ARM
		{57AD8D16-B38E-4FD4-A326-46CB3A52E9B5}.Release|x64.ActiveCfg = Release|x64
		{57AD8D16-B38E-4FD4-A326-46CB3A52E9B5}.Release|x64.Build.0 = Release|x64
		{57AD8D16-B38E-4FD4-A326-46CB3A52E9B5}.Release|x86.ActiveCfg = Release|x86
		{57AD8D16-B38E-4FD4-A326-46CB3A52E9B5}.Release|x86.Build.0 = Release|x86
		{37FB0249-01ED-460A-9516-A724DB6D750D}.Debug|ARM.ActiveCfg = Debug|ARM
		{37FB0249-01ED-460A-9516-A724DB6D750D}.Debug|ARM.Build.0 = Debug|ARM
		{37FB0249-01ED-460A-9516-A724DB6D750D}.Debug|x64.ActiveCfg = Debug|x64
		{37FB0249-01ED-460A-9516-A724DB6D750D}.Debug|x64.Build.0 = Debug|x64
		{37FB0249-01ED-460A-9516-A724DB6D750D}.Debug|x86.ActiveCfg = Debug|x86
		{37FB0249-01ED-460A-9516-A724DB6D750D}.Debug|x86.Build.0 = Debug|x86
		{37FB0249-01ED-460A-9516-A724DB6D750D}.Master|ARM.ActiveCfg = Master|ARM
		{37FB0249-01ED-460A-9516-A724DB6D750D}.Master|ARM.Build.0 = Master|ARM
		{37FB0249-01ED-460A-9516-A724DB6D750D}.Master|x64.ActiveCfg = Master|x64
		{37FB0249-01ED-460A-9516-A724DB6D750D}.Master|x64.Build.0 = Master|x64
		{37FB0249-01ED-460A-9516-A724DB6D750D}.Master|x86.ActiveCfg = Master|x86
		{37FB0249-01ED-460A-9516-A724DB6D750D}.Master|x86.Build.0 = Master|x86
		{37FB0249-01ED-460A-9516-A724DB6D750D}.Release|ARM.ActiveCfg = Release|ARM
		{37FB0249-01ED-460A-9516-A724DB6D750D}.Release|ARM.Build.0 = Release|ARM
		{37FB0249-01ED-460A-9516-A724DB6D750D}.Release|x64.ActiveCfg = Release|x64
		{37FB0249-01ED-460A-9516-A724DB6D750D}.Release|x64.Build.0 = Release|x64
		{37FB0249-01ED-460A-9516-A724DB6D750D}.Release|x86.ActiveCfg = Release|x86
		{37FB0249-01ED-460A-9516-A724DB6D750D}.Release|x86.Build.0 = Release|x86
		{72B38110-43C1-4023-BAF2-54E526CE74E8}.Debug|ARM.ActiveCfg = Debug|ARM
		{72B38110-43C1-4023-BAF2-54E526CE74E8}.Debug|ARM.Build.0 = Debug|ARM
		{72B38110-43C1-4023-BAF2-54E526CE74E8}.Debug|x64.ActiveCfg = Debug|x64
		{72B38110-43C1-4023-BAF2-54E526CE74E8}.Debug|x64.Build.0 = Debug|x64
		{72B38110-43C1-4023-BAF2-54E526CE74E8}.Debug|x86.ActiveCfg = Debug|x86
		{72B38110-43C1-4023-BAF2-54E526CE74E8}.Debug|x86.Build.0 = Debug|x86
		{72B38110-43C1-4023-BAF2-54E526CE74E8}.Master|ARM.ActiveCfg = Master|ARM
		{72B38110-43C1-4023-BAF2-54E526CE74E8}.Master|ARM.Build.0 = Master|ARM
		{72B38110-43C1-4023-BAF2-54E526CE74E8}.Master|x64.ActiveCfg = Master|x64
		{72B38110-43C1-4023-BAF2-54E526CE74E8}.Master|x64.Build.0 = Master|x64
		{72B38110-43C1-4023-BAF2-54E526CE74E8}.Master|x86.ActiveCfg = Master|x86
		{72B38110-43C1-4023-BAF2-54E526CE74E8}.Master|x86.Build.0 = Master|x86
		{72B38110-43C1-4023-BAF2-54E526CE74E8}.Release|ARM.ActiveCfg = Release|ARM
		{72B38110-43C1-4023-BAF2-54E526CE74E8}.Release|ARM.Build.0 = Release|ARM
		{72B38110-43C1-4023-BAF2-54E526CE74E8}.Release|x64.ActiveCfg = Release|x64
		{72B38110-43C1-4023-BAF2-54E526CE74E8}.Release|x64.Build.0 = Release|x64
		{72B38110-43C1-4023-BAF2-54E526CE74E8}.Release|x86.ActiveCfg = Release|x86
		{72B38110-43C1-4023-BAF2-54E526CE74E8}.Release|x86.Build.0 = Release|x86
		{1EBE1038-1808-479F-ACE8-33E39B9C7C7E}.Debug|ARM.ActiveCfg = Debug|ARM
		{1EBE1038-1808-479F-ACE8-33E39B9C7C7E}.Debug|ARM.Build.0 = Debug|ARM
		{1EBE1038-1808-479F-ACE8-33E39B9C7C7E}.Debug|x64.ActiveCfg = Debug|x64
		{1EBE1038-1808-479F-ACE8-33E39B9C7C7E}.Debug|x64.Build.0 = Debug|x64
		{1EBE1038-1808-479F-ACE8-33E39B9C7C7E}.Debug|x86.ActiveCfg = Debug|x86
		{1EBE1038-1808-479F-ACE8-33E39B9C7C7E}.Debug|x86.Build.0 = Debug|x86
		{1EBE1038-1808-479F-ACE8-33E39B9C7C7E}.Master|ARM.ActiveCfg = Master|ARM
		{1EBE1038-1808-479F-ACE8-33E39B9C7C7E}.Master|ARM.Build.0 = Master|ARM
		{1EBE1038-1808-479F-ACE8-33E39B9C7C7E}.Master|x64.ActiveCfg = Master|x64
		{1EBE1038-1808-479F-ACE8-33E39B9C7C7E}.Master|x64.Build.0 = Master|x64
		{1EBE1038-1808-479F-ACE8-33E39B9C7C7E}.Master|x86.ActiveCfg = Master|x86
		{1EBE1038-1808-479F-ACE8-33E39B9C7C7E}.Master|x86.Build.0 = Master|x86
		{1EBE1038-1808-479F-ACE8-33E39B9C7C7E}.Release|ARM.ActiveCfg = Release|ARM
		{1EBE1038-1808-479F-ACE8-33E39B9C7C7E}.Release|ARM.Build.0 = Release|ARM
		{1EBE1038-1808-479F-ACE8-33E39B9C7C7E}.Release|x64.ActiveCfg = Release|x64
		{1EBE1038-1808-479F-ACE8-33E39B9C7C7E}.Release|x64.Build.0 = Release|x64
		{1EBE1038-1808-479F-ACE8-33E39B9C7C7E}.Release|x86.ActiveCfg = Release|x86
		{1EBE1038-1808-479F-ACE8-33E39B9C7C7E}.Release|x86.Build.0 = Release|x86
		{F5F74778-C10F-4D0A-98E2-95FD402DC430}.Debug|ARM.ActiveCfg = Debug|ARM
		{F5F74778-C10F-4D0A-98E2-95FD402DC430}.Debug|ARM.Build.0 = Debug|ARM
		{F5F74778-C10F-4D0A-98E2-95FD402DC430}.Debug|x64.ActiveCfg = Debug|x64
		{F5F74778-C10F-4D0A-98E2-95FD402DC430}.Debug|x64.Build.0 = Debug|x64
		{F5F74778-C10F-4D0A-98E2-95FD402DC430}.Debug|x86.ActiveCfg = Debug|x86
		{F5F74778-C10F-4D0A-98E2-95FD402DC430}.Debug|x86.Build.0 = Debug|x86
		{F5F74778-C10F-4D0A-98E2-95FD402DC430}.Master|ARM.ActiveCfg = Master|ARM
		{F5F74778-C10F-4D0A-98E2-95FD402DC430}.Master|ARM.Build.0 = Master|ARM
		{F5F74778-C10F-4D0A-98E2-95FD402DC430}.Master|x64.ActiveCfg = Master|x64
		{F5F74778-C10F-4D0A-98E2-95FD402DC430}.Master|x64.Build.0 = Master|x64
		{F5F74778-C10F-4D0A-98E2-95FD402DC430}.Master|x86.ActiveCfg = Master|x86
		{F5F74778-C10F-4D0A-98E2-95FD402DC430}.Master|x86.Build.0 = Master|x86
		{F5F74778-C10F-4D0A-98E2-95FD402DC430}.Release|ARM.ActiveCfg = Release|ARM
		{F5F74778-C10F-4D0A-98E2-95FD402DC430}.Release|ARM.Build.0 = Release|ARM
		{F5F74778-C10F-4D0A-98E2-95FD402DC430}.Release|x64.ActiveCfg = Release|x64
		{F5F74778-C10F-4D0A-98E2-95FD402DC430}.Release|x64.Build.0 = Release|x64
		{F5F74778-C10F-4D0A-98E2-95FD402DC430}.Release|x86.ActiveCfg = Release|x86
		{F5F74778-C10F-4D0A-98E2-95FD402DC430}.Release|x86.Build.0 = Release|x86
		{4552F35D-3784-4D4B-A295-23CD89E61119}.Debug|ARM.ActiveCfg = Debug|ARM
		{4552F35D-3784-4D4B-A295-23CD89E61119}.Debug|ARM.Build.0 = Debug|ARM
		{4552F35D-3784-4D4B-A295-23CD89E61119}.Debug|x64.ActiveCfg = Debug|x64
		{4552F35D-3784-4D4B-A295-23CD89E61119}.Debug|x64.Build.0 = Debug|x64
		{4552F35D-3784-4D4B-A295-23CD89E61119}.Debug|x86.ActiveCfg = Debug|x86
		{4552F35D-3784-4D4B-A295-23CD89E61119}.Debug|x86.Build.0 = Debug|x86
		{4552F35D-3784-4D4B-A295-23CD89E61119}.Master|ARM.ActiveCfg = Master|ARM
		{4552F35D-3784-4D4B-A295-23CD89E61119}.Master|ARM.Build.0 = Master|ARM
		{4552F35D-3784-4D4B-A295-23CD89E61119}.Master|x64.ActiveCfg = Master|x64
		{4552F35D-3784-4D4B-A295-23CD89E61119}.Master|x64.Build.0 = Master|x64
		{4552F35D-3784-4D4B-A295-23CD89E61119}.Master|x86.ActiveCfg = Master|x86
		{4552F35D-3784-4D4B-A295-23CD89E61119}.Master|x86.Build.0 = Master|x86
		{4552F35D-3784-4D4B-A295-23CD89E61119}.Release|ARM.ActiveCfg = Release|ARM
		{4552F35D-3784-4D4B-A295-23CD89E61119}.Release|ARM.Build.0 = Release|ARM
		{4552F35D-3784-4D4B-A295-23CD89E61119}.Release|x64.ActiveCfg = Release|x64
		{4552F35D-3784-4D4B-A295-23CD89E61119}.Release|x64.Build.0 = Release|x64
		{4552F35D-3784-4D4B-A295-23CD89E61119}.Release|x86.ActiveCfg = Release|x86
		{4552F35D-3784-4D4B-A295-23CD89E61119}.Release|x86.Build.0 = Release|x86
		{63BA0E43-A6A0-4031-AB49-39C441C28C4A}.Debug|ARM.ActiveCfg = Debug|ARM
		{63BA0E43-A6A0-4031-AB49-39C441C28C4A}.Debug|ARM.Build.0 = Debug|ARM
		{63BA0E43-A6A0-4031-AB49-39C441C28C4A}.Debug|x64.ActiveCfg = Debug|x64
		{63BA0E43-A6A0-4031-AB49-39C441C28C4A}.Debug|x64.Build.0 = Debug|x64
		{63BA0E43-A6A0-4031-AB49-39C441C28C4A}.Debug|x86.ActiveCfg = Debug|x86
		{63BA0E43-A6A0-4031-AB49-39C441C28C4A}.Debug|x86.Build.0 = Debug|x86
		{63BA0E43-A6A0-4031-AB49-39C441C28C4A}.Master|ARM.ActiveCfg = Master|ARM
		{63BA0E43-A6A0-4031-AB49-39C441C28C4A}.Master|ARM.Build.0 = Master|ARM
		{63BA0E43-A6A0-4031-AB49-39C441C28C4A}.Master|x64.ActiveCfg = Master|x64
		{63BA0E43-A6A0-4031-AB49-39C441C28C4A}.Master|x64.Build.0 = Master|x64
		{63BA0E43-A6A0-4031-AB49-39C441C28C4A}.Master|x86.ActiveCfg = Master|x86
		{63BA0E43-A6A0-4031-AB49-39C441C28C4A}.Master|x86.Build.0 = Master|x86
		{63BA0E43-A6A0-4031-AB49-39C441C28C4A}.Release|ARM.ActiveCfg = Release|ARM
		{63BA0E43-A6A0-4031-AB49-39C441C28C4A}.Release|ARM.Build.0 = Release|ARM
		{63BA0E43-A6A0-4031-AB49-39C441C28C4A}.Release|x64.ActiveCfg = Release|x64
		{63BA0E43-A6A0-4031-AB49-39C441C28C4A}.Release|x64.Build.0 = Release|x64
		{63BA0E43-A6A0-4031-AB49-39C441C28C4A}.Release|x86.ActiveCfg = Release|x86
		{63BA0E43-A6A0-4031-AB49-39C441C28C4A}.Release|x86.Build.0 = Release|x86
	EndGlobalSection
	GlobalSection(SolutionProperties) = preSolution
		HideSolutionNode = FALSE
	EndGlobalSection
	GlobalSection(ExtensibilityGlobals) = postSolution
		SolutionGuid = {2B944CDA-6418-4383-AA21-61CEB21B8EB4}
	EndGlobalSection
EndGlobal
